// !$*UTF8*$!
{
	archiveVersion = 1;
	classes = {
	};
	objectVersion = 48;
	objects = {

/* Begin PBXBuildFile section */
		3AA2392D1FB4A47D006357C3 /* AppDelegate.m in Sources */ = {isa = PBXBuildFile; fileRef = 3AA2392C1FB4A47D006357C3 /* AppDelegate.m */; };
		3AA239301FB4A47D006357C3 /* ViewController.m in Sources */ = {isa = PBXBuildFile; fileRef = 3AA2392F1FB4A47D006357C3 /* ViewController.m */; };
		3AA239331FB4A47D006357C3 /* Main.storyboard in Resources */ = {isa = PBXBuildFile; fileRef = 3AA239311FB4A47D006357C3 /* Main.storyboard */; };
		3AA239351FB4A47D006357C3 /* Assets.xcassets in Resources */ = {isa = PBXBuildFile; fileRef = 3AA239341FB4A47D006357C3 /* Assets.xcassets */; };
		3AA239381FB4A47D006357C3 /* LaunchScreen.storyboard in Resources */ = {isa = PBXBuildFile; fileRef = 3AA239361FB4A47D006357C3 /* LaunchScreen.storyboard */; };
		3AA2393B1FB4A47D006357C3 /* main.m in Sources */ = {isa = PBXBuildFile; fileRef = 3AA2393A1FB4A47D006357C3 /* main.m */; };
/* End PBXBuildFile section */

/* Begin PBXFileReference section */
		3AA239281FB4A47D006357C3 /* maskLayer.app */ = {isa = PBXFileReference; explicitFileType = wrapper.application; includeInIndex = 0; path = maskLayer.app; sourceTree = BUILT_PRODUCTS_DIR; };
		3AA2392B1FB4A47D006357C3 /* AppDelegate.h */ = {isa = PBXFileReference; lastKnownFileType = sourcecode.c.h; path = AppDelegate.h; sourceTree = "<group>"; };
		3AA2392C1FB4A47D006357C3 /* AppDelegate.m */ = {isa = PBXFileReference; lastKnownFileType = sourcecode.c.objc; path = AppDelegate.m; sourceTree = "<group>"; };
		3AA2392E1FB4A47D006357C3 /* ViewController.h */ = {isa = PBXFileReference; lastKnownFileType = sourcecode.c.h; path = ViewController.h; sourceTree = "<group>"; };
		3AA2392F1FB4A47D006357C3 /* ViewController.m */ = {isa = PBXFileReference; lastKnownFileType = sourcecode.c.objc; path = ViewController.m; sourceTree = "<group>"; };
		3AA239321FB4A47D006357C3 /* Base */ = {isa = PBXFileReference; lastKnownFileType = file.storyboard; name = Base; path = Base.lproj/Main.storyboard; sourceTree = "<group>"; };
		3AA239341FB4A47D006357C3 /* Assets.xcassets */ = {isa = PBXFileReference; lastKnownFileType = folder.assetcatalog; path = Assets.xcassets; sourceTree = "<group>"; };
		3AA239371FB4A47D006357C3 /* Base */ = {isa = PBXFileReference; lastKnownFileType = file.storyboard; name = Base; path = Base.lproj/LaunchScreen.storyboard; sourceTree = "<group>"; };
		3AA239391FB4A47D006357C3 /* Info.plist */ = {isa = PBXFileReference; lastKnownFileType = text.plist.xml; path = Info.plist; sourceTree = "<group>"; };
		3AA2393A1FB4A47D006357C3 /* main.m */ = {isa = PBXFileReference; lastKnownFileType = sourcecode.c.objc; path = main.m; sourceTree = "<group>"; };
/* End PBXFileReference section */

/* Begin PBXFrameworksBuildPhase section */
		3AA239251FB4A47D006357C3 /* Frameworks */ = {
			isa = PBXFrameworksBuildPhase;
			buildActionMask = 2147483647;
			files = (
			);
			runOnlyForDeploymentPostprocessing = 0;
		};
/* End PBXFrameworksBuildPhase section */

/* Begin PBXGroup section */
		3AA2391F1FB4A47D006357C3 = {
			isa = PBXGroup;
			children = (
				3AA2392A1FB4A47D006357C3 /* maskLayer */,
				3AA239291FB4A47D006357C3 /* Products */,
			);
			sourceTree = "<group>";
		};
		3AA239291FB4A47D006357C3 /* Products */ = {
			isa = PBXGroup;
			children = (
				3AA239281FB4A47D006357C3 /* maskLayer.app */,
			);
			name = Products;
			sourceTree = "<group>";
		};
		3AA2392A1FB4A47D006357C3 /* maskLayer */ = {
			isa = PBXGroup;
			children = (
				3AA2392B1FB4A47D006357C3 /* AppDelegate.h */,
				3AA2392C1FB4A47D006357C3 /* AppDelegate.m */,
				3AA2392E1FB4A47D006357C3 /* ViewController.h */,
				3AA2392F1FB4A47D006357C3 /* ViewController.m */,
				3AA239311FB4A47D006357C3 /* Main.storyboard */,
				3AA239341FB4A47D006357C3 /* Assets.xcassets */,
				3AA239361FB4A47D006357C3 /* LaunchScreen.storyboard */,
				3AA239391FB4A47D006357C3 /* Info.plist */,
				3AA2393A1FB4A47D006357C3 /* main.m */,
			);
			path = maskLayer;
			sourceTree = "<group>";
		};
/* End PBXGroup section */

/* Begin PBXNativeTarget section */
		3AA239271FB4A47D006357C3 /* maskLayer */ = {
			isa = PBXNativeTarget;
			buildConfigurationList = 3AA2393E1FB4A47D006357C3 /* Build configuration list for PBXNativeTarget "maskLayer" */;
			buildPhases = (
				3AA239241FB4A47D006357C3 /* Sources */,
				3AA239251FB4A47D006357C3 /* Frameworks */,
				3AA239261FB4A47D006357C3 /* Resources */,
			);
			buildRules = (
			);
			dependencies = (
			);
			name = maskLayer;
			productName = maskLayer;
			productReference = 3AA239281FB4A47D006357C3 /* maskLayer.app */;
			productType = "com.apple.product-type.application";
		};
/* End PBXNativeTarget section */

/* Begin PBXProject section */
		3AA239201FB4A47D006357C3 /* Project object */ = {
			isa = PBXProject;
			attributes = {
				LastUpgradeCheck = 0900;
				ORGANIZATIONNAME = yukaPriL;
				TargetAttributes = {
					3AA239271FB4A47D006357C3 = {
						CreatedOnToolsVersion = 9.0.1;
						ProvisioningStyle = Automatic;
					};
				};
			};
			buildConfigurationList = 3AA239231FB4A47D006357C3 /* Build configuration list for PBXProject "maskLayer" */;
			compatibilityVersion = "Xcode 8.0";
			developmentRegion = en;
			hasScannedForEncodings = 0;
			knownRegions = (
				en,
				Base,
			);
			mainGroup = 3AA2391F1FB4A47D006357C3;
			productRefGroup = 3AA239291FB4A47D006357C3 /* Products */;
			projectDirPath = "";
			projectRoot = "";
			targets = (
				3AA239271FB4A47D006357C3 /* maskLayer */,
			);
		};
/* End PBXProject section */

/* Begin PBXResourcesBuildPhase section */
		3AA239261FB4A47D006357C3 /* Resources */ = {
			isa = PBXResourcesBuildPhase;
			buildActionMask = 2147483647;
			files = (
				3AA239381FB4A47D006357C3 /* LaunchScreen.storyboard in Resources */,
				3AA239351FB4A47D006357C3 /* Assets.xcassets in Resources */,
				3AA239331FB4A47D006357C3 /* Main.storyboard in Resources */,
			);
			runOnlyForDeploymentPostprocessing = 0;
		};
/* End PBXResourcesBuildPhase section */

/* Begin PBXSourcesBuildPhase section */
		3AA239241FB4A47D006357C3 /* Sources */ = {
			isa = PBXSourcesBuildPhase;
			buildActionMask = 2147483647;
			files = (
				3AA239301FB4A47D006357C3 /* ViewController.m in Sources */,
				3AA2393B1FB4A47D006357C3 /* main.m in Sources */,
				3AA2392D1FB4A47D006357C3 /* AppDelegate.m in Sources */,
			);
			runOnlyForDeploymentPostprocessing = 0;
		};
/* End PBXSourcesBuildPhase section */

/* Begin PBXVariantGroup section */
		3AA239311FB4A47D006357C3 /* Main.storyboard */ = {
			isa = PBXVariantGroup;
			children = (
				3AA239321FB4A47D006357C3 /* Base */,
			);
			name = Main.storyboard;
			sourceTree = "<group>";
		};
		3AA239361FB4A47D006357C3 /* LaunchScreen.storyboard */ = {
			isa = PBXVariantGroup;
			children = (
				3AA239371FB4A47D006357C3 /* Base */,
			);
			name = LaunchScreen.storyboard;
			sourceTree = "<group>";
		};
/* End PBXVariantGroup section */

/* Begin XCBuildConfiguration section */
		3AA2393C1FB4A47D006357C3 /* Debug */ = {
			isa = XCBuildConfiguration;
			buildSettings = {
				ALWAYS_SEARCH_USER_PATHS = NO;
				CLANG_ANALYZER_NONNULL = YES;
				CLANG_ANALYZER_NUMBER_OBJECT_CONVERSION = YES_AGGRESSIVE;
				CLANG_CXX_LANGUAGE_STANDARD = "gnu++14";
				CLANG_CXX_LIBRARY = "libc++";
				CLANG_ENABLE_MODULES = YES;
				CLANG_ENABLE_OBJC_ARC = YES;
				CLANG_WARN_BLOCK_CAPTURE_AUTORELEASING = YES;
				CLANG_WARN_BOOL_CONVERSION = YES;
				CLANG_WARN_COMMA = YES;
				CLANG_WARN_CONSTANT_CONVERSION = YES;
				CLANG_WARN_DIRECT_OBJC_ISA_USAGE = YES_ERROR;
				CLANG_WARN_DOCUMENTATION_COMMENTS = YES;
				CLANG_WARN_EMPTY_BODY = YES;
				CLANG_WARN_ENUM_CONVERSION = YES;
				CLANG_WARN_INFINITE_RECURSION = YES;
				CLANG_WARN_INT_CONVERSION = YES;
				CLANG_WARN_NON_LITERAL_NULL_CONVERSION = YES;
				CLANG_WARN_OBJC_LITERAL_CONVERSION = YES;
				CLANG_WARN_OBJC_ROOT_CLASS = YES_ERROR;
				CLANG_WARN_RANGE_LOOP_ANALYSIS = YES;
				CLANG_WARN_STRICT_PROTOTYPES = YES;
				CLANG_WARN_SUSPICIOUS_MOVE = YES;
				CLANG_WARN_UNGUARDED_AVAILABILITY = YES_AGGRESSIVE;
				CLANG_WARN_UNREACHABLE_CODE = YES;
				CLANG_WARN__DUPLICATE_METHOD_MATCH = YES;
				CODE_SIGN_IDENTITY = "iPhone Developer";
				COPY_PHASE_STRIP = NO;
				DEBUG_INFORMATION_FORMAT = dwarf;
				ENABLE_STRICT_OBJC_MSGSEND = YES;
				ENABLE_TESTABILITY = YES;
				GCC_C_LANGUAGE_STANDARD = gnu11;
				GCC_DYNAMIC_NO_PIC = NO;
				GCC_NO_COMMON_BLOCKS = YES;
				GCC_OPTIMIZATION_LEVEL = 0;
				GCC_PREPROCESSOR_DEFINITIONS = (
					"DEBUG=1",
					"$(inherited)",
				);
				GCC_WARN_64_TO_32_BIT_CONVERSION = YES;
				GCC_WARN_ABOUT_RETURN_TYPE = YES_ERROR;
				GCC_WARN_UNDECLARED_SELECTOR = YES;
				GCC_WARN_UNINITIALIZED_AUTOS = YES_AGGRESSIVE;
				GCC_WARN_UNUSED_FUNCTION = YES;
				GCC_WARN_UNUSED_VARIABLE = YES;
				IPHONEOS_DEPLOYMENT_TARGET = 11.0;
				MTL_ENABLE_DEBUG_INFO = YES;
				ONLY_ACTIVE_ARCH = YES;
				SDKROOT = iphoneos;
			};
			name = Debug;
		};
		3AA2393D1FB4A47D006357C3 /* Release */ = {
			isa = XCBuildConfiguration;
			buildSettings = {
				ALWAYS_SEARCH_USER_PATHS = NO;
				CLANG_ANALYZER_NONNULL = YES;
				CLANG_ANALYZER_NUMBER_OBJECT_CONVERSION = YES_AGGRESSIVE;
				CLANG_CXX_LANGUAGE_STANDARD = "gnu++14";
				CLANG_CXX_LIBRARY = "libc++";
				CLANG_ENABLE_MODULES = YES;
				CLANG_ENABLE_OBJC_ARC = YES;
				CLANG_WARN_BLOCK_CAPTURE_AUTORELEASING = YES;
				CLANG_WARN_BOOL_CONVERSION = YES;
				CLANG_WARN_COMMA = YES;
				CLANG_WARN_CONSTANT_CONVERSION = YES;
				CLANG_WARN_DIRECT_OBJC_ISA_USAGE = YES_ERROR;
				CLANG_WARN_DOCUMENTATION_COMMENTS = YES;
				CLANG_WARN_EMPTY_BODY = YES;
				CLANG_WARN_ENUM_CONVERSION = YES;
				CLANG_WARN_INFINITE_RECURSION = YES;
				CLANG_WARN_INT_CONVERSION = YES;
				CLANG_WARN_NON_LITERAL_NULL_CONVERSION = YES;
				CLANG_WARN_OBJC_LITERAL_CONVERSION = YES;
				CLANG_WARN_OBJC_ROOT_CLASS = YES_ERROR;
				CLANG_WARN_RANGE_LOOP_ANALYSIS = YES;
				CLANG_WARN_STRICT_PROTOTYPES = YES;
				CLANG_WARN_SUSPICIOUS_MOVE = YES;
				CLANG_WARN_UNGUARDED_AVAILABILITY = YES_AGGRESSIVE;
				CLANG_WARN_UNREACHABLE_CODE = YES;
				CLANG_WARN__DUPLICATE_METHOD_MATCH = YES;
				CODE_SIGN_IDENTITY = "iPhone Developer";
				COPY_PHASE_STRIP = NO;
				DEBUG_INFORMATION_FORMAT = "dwarf-with-dsym";
				ENABLE_NS_ASSERTIONS = NO;
				ENABLE_STRICT_OBJC_MSGSEND = YES;
				GCC_C_LANGUAGE_STANDARD = gnu11;
				GCC_NO_COMMON_BLOCKS = YES;
				GCC_WARN_64_TO_32_BIT_CONVERSION = YES;
				GCC_WARN_ABOUT_RETURN_TYPE = YES_ERROR;
				GCC_WARN_UNDECLARED_SELECTOR = YES;
				GCC_WARN_UNINITIALIZED_AUTOS = YES_AGGRESSIVE;
				GCC_WARN_UNUSED_FUNCTION = YES;
				GCC_WARN_UNUSED_VARIABLE = YES;
				IPHONEOS_DEPLOYMENT_TARGET = 11.0;
				MTL_ENABLE_DEBUG_INFO = NO;
				SDKROOT = iphoneos;
				VALIDATE_PRODUCT = YES;
			};
			name = Release;
		};
		3AA2393F1FB4A47D006357C3 /* Debug */ = {
			isa = XCBuildConfiguration;
			buildSettings = {
				ASSETCATALOG_COMPILER_APPICON_NAME = AppIcon;
				CODE_SIGN_STYLE = Automatic;
				DEVELOPMENT_TEAM = 57YRN3FEE7;
				INFOPLIST_FILE = maskLayer/Info.plist;
				LD_RUNPATH_SEARCH_PATHS = "$(inherited) @executable_path/Frameworks";
				PRODUCT_BUNDLE_IDENTIFIER = com.yukapril.maskLayer;
				PRODUCT_NAME = "$(TARGET_NAME)";
				TARGETED_DEVICE_FAMILY = "1,2";
			};
			name = Debug;
		};
		3AA239401FB4A47D006357C3 /* Release */ = {
			isa = XCBuildConfiguration;
			buildSettings = {
				ASSETCATALOG_COMPILER_APPICON_NAME = AppIcon;
				CODE_SIGN_STYLE = Automatic;
				DEVELOPMENT_TEAM = 57YRN3FEE7;
				INFOPLIST_FILE = maskLayer/Info.plist;
				LD_RUNPATH_SEARCH_PATHS = "$(inherited) @executable_path/Frameworks";
				PRODUCT_BUNDLE_IDENTIFIER = com.yukapril.maskLayer;
				PRODUCT_NAME = "$(TARGET_NAME)";
				TARGETED_DEVICE_FAMILY = "1,2";
			};
			name = Release;
		};
/* End XCBuildConfiguration section */

/* Begin XCConfigurationList section */
		3AA239231FB4A47D006357C3 /* Build configuration list for PBXProject "maskLayer" */ = {
			isa = XCConfigurationList;
			buildConfigurations = (
				3AA2393C1FB4A47D006357C3 /* Debug */,
				3AA2393D1FB4A47D006357C3 /* Release */,
			);
			defaultConfigurationIsVisible = 0;
			defaultConfigurationName = Release;
		};
		3AA2393E1FB4A47D006357C3 /* Build configuration list for PBXNativeTarget "maskLayer" */ = {
			isa = XCConfigurationList;
			buildConfigurations = (
				3AA2393F1FB4A47D006357C3 /* Debug */,
				3AA239401FB4A47D006357C3 /* Release */,
			);
			defaultConfigurationIsVisible = 0;
			defaultConfigurationName = Release;
		};
/* End XCConfigurationList section */
	};
	rootObject = 3AA239201FB4A47D006357C3 /* Project object */;
}
