// !$*UTF8*$!
{
	archiveVersion = 1;
	classes = {
	};
	objectVersion = 48;
	objects = {

/* Begin PBXBuildFile section */
		3A6E6F431FA4B0A100DFEED5 /* AppDelegate.m in Sources */ = {isa = PBXBuildFile; fileRef = 3A6E6F421FA4B0A100DFEED5 /* AppDelegate.m */; };
		3A6E6F461FA4B0A100DFEED5 /* ViewController.m in Sources */ = {isa = PBXBuildFile; fileRef = 3A6E6F451FA4B0A100DFEED5 /* ViewController.m */; };
		3A6E6F491FA4B0A100DFEED5 /* Main.storyboard in Resources */ = {isa = PBXBuildFile; fileRef = 3A6E6F471FA4B0A100DFEED5 /* Main.storyboard */; };
		3A6E6F4B1FA4B0A100DFEED5 /* Assets.xcassets in Resources */ = {isa = PBXBuildFile; fileRef = 3A6E6F4A1FA4B0A100DFEED5 /* Assets.xcassets */; };
		3A6E6F4E1FA4B0A100DFEED5 /* LaunchScreen.storyboard in Resources */ = {isa = PBXBuildFile; fileRef = 3A6E6F4C1FA4B0A100DFEED5 /* LaunchScreen.storyboard */; };
		3A6E6F511FA4B0A100DFEED5 /* main.m in Sources */ = {isa = PBXBuildFile; fileRef = 3A6E6F501FA4B0A100DFEED5 /* main.m */; };
		3A6E6F591FA4B24C00DFEED5 /* TableViewController.m in Sources */ = {isa = PBXBuildFile; fileRef = 3A6E6F581FA4B24C00DFEED5 /* TableViewController.m */; };
		3A6E6F821FA60AF300DFEED5 /* CustomTableViewCell.m in Sources */ = {isa = PBXBuildFile; fileRef = 3A6E6F801FA60AF300DFEED5 /* CustomTableViewCell.m */; };
		3A6E6F831FA60AF300DFEED5 /* CustomTableViewCell.xib in Resources */ = {isa = PBXBuildFile; fileRef = 3A6E6F811FA60AF300DFEED5 /* CustomTableViewCell.xib */; };
		3A6E6F861FA60FAE00DFEED5 /* MessageInfo.m in Sources */ = {isa = PBXBuildFile; fileRef = 3A6E6F851FA60FAE00DFEED5 /* MessageInfo.m */; };
/* End PBXBuildFile section */

/* Begin PBXFileReference section */
		3A6E6F3E1FA4B0A100DFEED5 /* TableView.app */ = {isa = PBXFileReference; explicitFileType = wrapper.application; includeInIndex = 0; path = TableView.app; sourceTree = BUILT_PRODUCTS_DIR; };
		3A6E6F411FA4B0A100DFEED5 /* AppDelegate.h */ = {isa = PBXFileReference; lastKnownFileType = sourcecode.c.h; path = AppDelegate.h; sourceTree = "<group>"; };
		3A6E6F421FA4B0A100DFEED5 /* AppDelegate.m */ = {isa = PBXFileReference; lastKnownFileType = sourcecode.c.objc; path = AppDelegate.m; sourceTree = "<group>"; };
		3A6E6F441FA4B0A100DFEED5 /* ViewController.h */ = {isa = PBXFileReference; lastKnownFileType = sourcecode.c.h; path = ViewController.h; sourceTree = "<group>"; };
		3A6E6F451FA4B0A100DFEED5 /* ViewController.m */ = {isa = PBXFileReference; lastKnownFileType = sourcecode.c.objc; path = ViewController.m; sourceTree = "<group>"; };
		3A6E6F481FA4B0A100DFEED5 /* Base */ = {isa = PBXFileReference; lastKnownFileType = file.storyboard; name = Base; path = Base.lproj/Main.storyboard; sourceTree = "<group>"; };
		3A6E6F4A1FA4B0A100DFEED5 /* Assets.xcassets */ = {isa = PBXFileReference; lastKnownFileType = folder.assetcatalog; path = Assets.xcassets; sourceTree = "<group>"; };
		3A6E6F4D1FA4B0A100DFEED5 /* Base */ = {isa = PBXFileReference; lastKnownFileType = file.storyboard; name = Base; path = Base.lproj/LaunchScreen.storyboard; sourceTree = "<group>"; };
		3A6E6F4F1FA4B0A100DFEED5 /* Info.plist */ = {isa = PBXFileReference; lastKnownFileType = text.plist.xml; path = Info.plist; sourceTree = "<group>"; };
		3A6E6F501FA4B0A100DFEED5 /* main.m */ = {isa = PBXFileReference; lastKnownFileType = sourcecode.c.objc; path = main.m; sourceTree = "<group>"; };
		3A6E6F571FA4B24C00DFEED5 /* TableViewController.h */ = {isa = PBXFileReference; lastKnownFileType = sourcecode.c.h; path = TableViewController.h; sourceTree = "<group>"; };
		3A6E6F581FA4B24C00DFEED5 /* TableViewController.m */ = {isa = PBXFileReference; lastKnownFileType = sourcecode.c.objc; path = TableViewController.m; sourceTree = "<group>"; };
		3A6E6F7F1FA60AF300DFEED5 /* CustomTableViewCell.h */ = {isa = PBXFileReference; lastKnownFileType = sourcecode.c.h; path = CustomTableViewCell.h; sourceTree = "<group>"; };
		3A6E6F801FA60AF300DFEED5 /* CustomTableViewCell.m */ = {isa = PBXFileReference; lastKnownFileType = sourcecode.c.objc; path = CustomTableViewCell.m; sourceTree = "<group>"; };
		3A6E6F811FA60AF300DFEED5 /* CustomTableViewCell.xib */ = {isa = PBXFileReference; lastKnownFileType = file.xib; path = CustomTableViewCell.xib; sourceTree = "<group>"; };
		3A6E6F841FA60FAE00DFEED5 /* MessageInfo.h */ = {isa = PBXFileReference; lastKnownFileType = sourcecode.c.h; path = MessageInfo.h; sourceTree = "<group>"; };
		3A6E6F851FA60FAE00DFEED5 /* MessageInfo.m */ = {isa = PBXFileReference; lastKnownFileType = sourcecode.c.objc; path = MessageInfo.m; sourceTree = "<group>"; };
/* End PBXFileReference section */

/* Begin PBXFrameworksBuildPhase section */
		3A6E6F3B1FA4B0A100DFEED5 /* Frameworks */ = {
			isa = PBXFrameworksBuildPhase;
			buildActionMask = 2147483647;
			files = (
			);
			runOnlyForDeploymentPostprocessing = 0;
		};
/* End PBXFrameworksBuildPhase section */

/* Begin PBXGroup section */
		3A6E6F351FA4B0A100DFEED5 = {
			isa = PBXGroup;
			children = (
				3A6E6F401FA4B0A100DFEED5 /* TableView */,
				3A6E6F3F1FA4B0A100DFEED5 /* Products */,
			);
			sourceTree = "<group>";
		};
		3A6E6F3F1FA4B0A100DFEED5 /* Products */ = {
			isa = PBXGroup;
			children = (
				3A6E6F3E1FA4B0A100DFEED5 /* TableView.app */,
			);
			name = Products;
			sourceTree = "<group>";
		};
		3A6E6F401FA4B0A100DFEED5 /* TableView */ = {
			isa = PBXGroup;
			children = (
				3A6E6F411FA4B0A100DFEED5 /* AppDelegate.h */,
				3A6E6F421FA4B0A100DFEED5 /* AppDelegate.m */,
				3A6E6F441FA4B0A100DFEED5 /* ViewController.h */,
				3A6E6F451FA4B0A100DFEED5 /* ViewController.m */,
				3A6E6F471FA4B0A100DFEED5 /* Main.storyboard */,
				3A6E6F4A1FA4B0A100DFEED5 /* Assets.xcassets */,
				3A6E6F4C1FA4B0A100DFEED5 /* LaunchScreen.storyboard */,
				3A6E6F4F1FA4B0A100DFEED5 /* Info.plist */,
				3A6E6F501FA4B0A100DFEED5 /* main.m */,
				3A6E6F571FA4B24C00DFEED5 /* TableViewController.h */,
				3A6E6F581FA4B24C00DFEED5 /* TableViewController.m */,
				3A6E6F7F1FA60AF300DFEED5 /* CustomTableViewCell.h */,
				3A6E6F801FA60AF300DFEED5 /* CustomTableViewCell.m */,
				3A6E6F811FA60AF300DFEED5 /* CustomTableViewCell.xib */,
				3A6E6F841FA60FAE00DFEED5 /* MessageInfo.h */,
				3A6E6F851FA60FAE00DFEED5 /* MessageInfo.m */,
			);
			path = TableView;
			sourceTree = "<group>";
		};
/* End PBXGroup section */

/* Begin PBXNativeTarget section */
		3A6E6F3D1FA4B0A100DFEED5 /* TableView */ = {
			isa = PBXNativeTarget;
			buildConfigurationList = 3A6E6F541FA4B0A100DFEED5 /* Build configuration list for PBXNativeTarget "TableView" */;
			buildPhases = (
				3A6E6F3A1FA4B0A100DFEED5 /* Sources */,
				3A6E6F3B1FA4B0A100DFEED5 /* Frameworks */,
				3A6E6F3C1FA4B0A100DFEED5 /* Resources */,
			);
			buildRules = (
			);
			dependencies = (
			);
			name = TableView;
			productName = TableView;
			productReference = 3A6E6F3E1FA4B0A100DFEED5 /* TableView.app */;
			productType = "com.apple.product-type.application";
		};
/* End PBXNativeTarget section */

/* Begin PBXProject section */
		3A6E6F361FA4B0A100DFEED5 /* Project object */ = {
			isa = PBXProject;
			attributes = {
				LastUpgradeCheck = 0900;
				ORGANIZATIONNAME = yukaPriL;
				TargetAttributes = {
					3A6E6F3D1FA4B0A100DFEED5 = {
						CreatedOnToolsVersion = 9.0.1;
						ProvisioningStyle = Automatic;
					};
				};
			};
			buildConfigurationList = 3A6E6F391FA4B0A100DFEED5 /* Build configuration list for PBXProject "TableView" */;
			compatibilityVersion = "Xcode 8.0";
			developmentRegion = en;
			hasScannedForEncodings = 0;
			knownRegions = (
				en,
				Base,
			);
			mainGroup = 3A6E6F351FA4B0A100DFEED5;
			productRefGroup = 3A6E6F3F1FA4B0A100DFEED5 /* Products */;
			projectDirPath = "";
			projectRoot = "";
			targets = (
				3A6E6F3D1FA4B0A100DFEED5 /* TableView */,
			);
		};
/* End PBXProject section */

/* Begin PBXResourcesBuildPhase section */
		3A6E6F3C1FA4B0A100DFEED5 /* Resources */ = {
			isa = PBXResourcesBuildPhase;
			buildActionMask = 2147483647;
			files = (
				3A6E6F4E1FA4B0A100DFEED5 /* LaunchScreen.storyboard in Resources */,
				3A6E6F4B1FA4B0A100DFEED5 /* Assets.xcassets in Resources */,
				3A6E6F831FA60AF300DFEED5 /* CustomTableViewCell.xib in Resources */,
				3A6E6F491FA4B0A100DFEED5 /* Main.storyboard in Resources */,
			);
			runOnlyForDeploymentPostprocessing = 0;
		};
/* End PBXResourcesBuildPhase section */

/* Begin PBXSourcesBuildPhase section */
		3A6E6F3A1FA4B0A100DFEED5 /* Sources */ = {
			isa = PBXSourcesBuildPhase;
			buildActionMask = 2147483647;
			files = (
				3A6E6F461FA4B0A100DFEED5 /* ViewController.m in Sources */,
				3A6E6F511FA4B0A100DFEED5 /* main.m in Sources */,
				3A6E6F431FA4B0A100DFEED5 /* AppDelegate.m in Sources */,
				3A6E6F861FA60FAE00DFEED5 /* MessageInfo.m in Sources */,
				3A6E6F821FA60AF300DFEED5 /* CustomTableViewCell.m in Sources */,
				3A6E6F591FA4B24C00DFEED5 /* TableViewController.m in Sources */,
			);
			runOnlyForDeploymentPostprocessing = 0;
		};
/* End PBXSourcesBuildPhase section */

/* Begin PBXVariantGroup section */
		3A6E6F471FA4B0A100DFEED5 /* Main.storyboard */ = {
			isa = PBXVariantGroup;
			children = (
				3A6E6F481FA4B0A100DFEED5 /* Base */,
			);
			name = Main.storyboard;
			sourceTree = "<group>";
		};
		3A6E6F4C1FA4B0A100DFEED5 /* LaunchScreen.storyboard */ = {
			isa = PBXVariantGroup;
			children = (
				3A6E6F4D1FA4B0A100DFEED5 /* Base */,
			);
			name = LaunchScreen.storyboard;
			sourceTree = "<group>";
		};
/* End PBXVariantGroup section */

/* Begin XCBuildConfiguration section */
		3A6E6F521FA4B0A100DFEED5 /* Debug */ = {
			isa = XCBuildConfiguration;
			buildSettings = {
				ALWAYS_SEARCH_USER_PATHS = NO;
				CLANG_ANALYZER_NONNULL = YES;
				CLANG_ANALYZER_NUMBER_OBJECT_CONVERSION = YES_AGGRESSIVE;
				CLANG_CXX_LANGUAGE_STANDARD = "gnu++14";
				CLANG_CXX_LIBRARY = "libc++";
				CLANG_ENABLE_MODULES = YES;
				CLANG_ENABLE_OBJC_ARC = YES;
				CLANG_WARN_BLOCK_CAPTURE_AUTORELEASING = YES;
				CLANG_WARN_BOOL_CONVERSION = YES;
				CLANG_WARN_COMMA = YES;
				CLANG_WARN_CONSTANT_CONVERSION = YES;
				CLANG_WARN_DIRECT_OBJC_ISA_USAGE = YES_ERROR;
				CLANG_WARN_DOCUMENTATION_COMMENTS = YES;
				CLANG_WARN_EMPTY_BODY = YES;
				CLANG_WARN_ENUM_CONVERSION = YES;
				CLANG_WARN_INFINITE_RECURSION = YES;
				CLANG_WARN_INT_CONVERSION = YES;
				CLANG_WARN_NON_LITERAL_NULL_CONVERSION = YES;
				CLANG_WARN_OBJC_LITERAL_CONVERSION = YES;
				CLANG_WARN_OBJC_ROOT_CLASS = YES_ERROR;
				CLANG_WARN_RANGE_LOOP_ANALYSIS = YES;
				CLANG_WARN_STRICT_PROTOTYPES = YES;
				CLANG_WARN_SUSPICIOUS_MOVE = YES;
				CLANG_WARN_UNGUARDED_AVAILABILITY = YES_AGGRESSIVE;
				CLANG_WARN_UNREACHABLE_CODE = YES;
				CLANG_WARN__DUPLICATE_METHOD_MATCH = YES;
				CODE_SIGN_IDENTITY = "iPhone Developer";
				COPY_PHASE_STRIP = NO;
				DEBUG_INFORMATION_FORMAT = dwarf;
				ENABLE_STRICT_OBJC_MSGSEND = YES;
				ENABLE_TESTABILITY = YES;
				GCC_C_LANGUAGE_STANDARD = gnu11;
				GCC_DYNAMIC_NO_PIC = NO;
				GCC_NO_COMMON_BLOCKS = YES;
				GCC_OPTIMIZATION_LEVEL = 0;
				GCC_PREPROCESSOR_DEFINITIONS = (
					"DEBUG=1",
					"$(inherited)",
				);
				GCC_WARN_64_TO_32_BIT_CONVERSION = YES;
				GCC_WARN_ABOUT_RETURN_TYPE = YES_ERROR;
				GCC_WARN_UNDECLARED_SELECTOR = YES;
				GCC_WARN_UNINITIALIZED_AUTOS = YES_AGGRESSIVE;
				GCC_WARN_UNUSED_FUNCTION = YES;
				GCC_WARN_UNUSED_VARIABLE = YES;
				IPHONEOS_DEPLOYMENT_TARGET = 11.0;
				MTL_ENABLE_DEBUG_INFO = YES;
				ONLY_ACTIVE_ARCH = YES;
				SDKROOT = iphoneos;
			};
			name = Debug;
		};
		3A6E6F531FA4B0A100DFEED5 /* Release */ = {
			isa = XCBuildConfiguration;
			buildSettings = {
				ALWAYS_SEARCH_USER_PATHS = NO;
				CLANG_ANALYZER_NONNULL = YES;
				CLANG_ANALYZER_NUMBER_OBJECT_CONVERSION = YES_AGGRESSIVE;
				CLANG_CXX_LANGUAGE_STANDARD = "gnu++14";
				CLANG_CXX_LIBRARY = "libc++";
				CLANG_ENABLE_MODULES = YES;
				CLANG_ENABLE_OBJC_ARC = YES;
				CLANG_WARN_BLOCK_CAPTURE_AUTORELEASING = YES;
				CLANG_WARN_BOOL_CONVERSION = YES;
				CLANG_WARN_COMMA = YES;
				CLANG_WARN_CONSTANT_CONVERSION = YES;
				CLANG_WARN_DIRECT_OBJC_ISA_USAGE = YES_ERROR;
				CLANG_WARN_DOCUMENTATION_COMMENTS = YES;
				CLANG_WARN_EMPTY_BODY = YES;
				CLANG_WARN_ENUM_CONVERSION = YES;
				CLANG_WARN_INFINITE_RECURSION = YES;
				CLANG_WARN_INT_CONVERSION = YES;
				CLANG_WARN_NON_LITERAL_NULL_CONVERSION = YES;
				CLANG_WARN_OBJC_LITERAL_CONVERSION = YES;
				CLANG_WARN_OBJC_ROOT_CLASS = YES_ERROR;
				CLANG_WARN_RANGE_LOOP_ANALYSIS = YES;
				CLANG_WARN_STRICT_PROTOTYPES = YES;
				CLANG_WARN_SUSPICIOUS_MOVE = YES;
				CLANG_WARN_UNGUARDED_AVAILABILITY = YES_AGGRESSIVE;
				CLANG_WARN_UNREACHABLE_CODE = YES;
				CLANG_WARN__DUPLICATE_METHOD_MATCH = YES;
				CODE_SIGN_IDENTITY = "iPhone Developer";
				COPY_PHASE_STRIP = NO;
				DEBUG_INFORMATION_FORMAT = "dwarf-with-dsym";
				ENABLE_NS_ASSERTIONS = NO;
				ENABLE_STRICT_OBJC_MSGSEND = YES;
				GCC_C_LANGUAGE_STANDARD = gnu11;
				GCC_NO_COMMON_BLOCKS = YES;
				GCC_WARN_64_TO_32_BIT_CONVERSION = YES;
				GCC_WARN_ABOUT_RETURN_TYPE = YES_ERROR;
				GCC_WARN_UNDECLARED_SELECTOR = YES;
				GCC_WARN_UNINITIALIZED_AUTOS = YES_AGGRESSIVE;
				GCC_WARN_UNUSED_FUNCTION = YES;
				GCC_WARN_UNUSED_VARIABLE = YES;
				IPHONEOS_DEPLOYMENT_TARGET = 11.0;
				MTL_ENABLE_DEBUG_INFO = NO;
				SDKROOT = iphoneos;
				VALIDATE_PRODUCT = YES;
			};
			name = Release;
		};
		3A6E6F551FA4B0A100DFEED5 /* Debug */ = {
			isa = XCBuildConfiguration;
			buildSettings = {
				ASSETCATALOG_COMPILER_APPICON_NAME = AppIcon;
				CODE_SIGN_STYLE = Automatic;
				DEVELOPMENT_TEAM = 57YRN3FEE7;
				INFOPLIST_FILE = TableView/Info.plist;
				LD_RUNPATH_SEARCH_PATHS = "$(inherited) @executable_path/Frameworks";
				PRODUCT_BUNDLE_IDENTIFIER = com.yukapril.TableView;
				PRODUCT_NAME = "$(TARGET_NAME)";
				TARGETED_DEVICE_FAMILY = "1,2";
			};
			name = Debug;
		};
		3A6E6F561FA4B0A100DFEED5 /* Release */ = {
			isa = XCBuildConfiguration;
			buildSettings = {
				ASSETCATALOG_COMPILER_APPICON_NAME = AppIcon;
				CODE_SIGN_STYLE = Automatic;
				DEVELOPMENT_TEAM = 57YRN3FEE7;
				INFOPLIST_FILE = TableView/Info.plist;
				LD_RUNPATH_SEARCH_PATHS = "$(inherited) @executable_path/Frameworks";
				PRODUCT_BUNDLE_IDENTIFIER = com.yukapril.TableView;
				PRODUCT_NAME = "$(TARGET_NAME)";
				TARGETED_DEVICE_FAMILY = "1,2";
			};
			name = Release;
		};
/* End XCBuildConfiguration section */

/* Begin XCConfigurationList section */
		3A6E6F391FA4B0A100DFEED5 /* Build configuration list for PBXProject "TableView" */ = {
			isa = XCConfigurationList;
			buildConfigurations = (
				3A6E6F521FA4B0A100DFEED5 /* Debug */,
				3A6E6F531FA4B0A100DFEED5 /* Release */,
			);
			defaultConfigurationIsVisible = 0;
			defaultConfigurationName = Release;
		};
		3A6E6F541FA4B0A100DFEED5 /* Build configuration list for PBXNativeTarget "TableView" */ = {
			isa = XCConfigurationList;
			buildConfigurations = (
				3A6E6F551FA4B0A100DFEED5 /* Debug */,
				3A6E6F561FA4B0A100DFEED5 /* Release */,
			);
			defaultConfigurationIsVisible = 0;
			defaultConfigurationName = Release;
		};
/* End XCConfigurationList section */
	};
	rootObject = 3A6E6F361FA4B0A100DFEED5 /* Project object */;
}
